github.com/aead/chacha20 v0.0.0-20180709150244-8b13a72661da h1:KjTM2ks9d14ZYCvmHS9iAKVt9AyzRSqNU1qabPih5BY=
github.com/aead/chacha20 v0.0.0-20180709150244-8b13a72661da/go.mod h1:eHEWzANqSiWQsof+nXEI9bUVUyV6F53Fp89EuCh2EAA=
github.com/brunoga/deep v1.2.4 h1:Aj9E9oUbE+ccbyh35VC/NHlzzjfIVU69BXu2mt2LmL8=
github.com/brunoga/deep v1.2.4/go.mod h1:GDV6dnXqn80ezsLSZ5Wlv1PdKAWAO4L5PnKYtv2dgaI=
go.sia.tech/core v0.4.4-0.20240812172713-9dffffb62ce1 h1:QZ3yahba0cPisLqLrSKIknvlaY2xEOzOJAzZikcYgk8=
go.sia.tech/core v0.4.4-0.20240812172713-9dffffb62ce1/go.mod h1:Zuq0Tn2aIXJyO0bjGu8cMeVWe+vwQnUfZhG1LCmjD5c=
go.sia.tech/coreutils v0.2.6-0.20240812132102-0c5611ac9eaf h1:q9U+nvexW768rCfwA91UfkXWXLpmtBcPNIXjLqtDBuc=
go.sia.tech/coreutils v0.2.6-0.20240812132102-0c5611ac9eaf/go.mod h1:iyiwg/TmbbBR01NHcqZ6Mp+/T8buOIqmiU4JIzdzfYA=
golang.org/x/crypto v0.26.0 h1:RrRspgV4mU+YwB4FYnuBoKsUapNIL5cohGAmSH3azsw=
golang.org/x/crypto v0.26.0/go.mod h1:GY7jblb9wI+FOo5y8/S2oY4zWP07AkOJ4+jxCqdqn54=
golang.org/x/sys v0.0.0-20190626221950-04f50cda93cb/go.mod h1:h1NjWce9XRLGQEsW7wpKNCjG9DtNlClVuFLEZdDNbEs=
golang.org/x/sys v0.24.0 h1:Twjiwq9dn6R1fQcyiK+wQyHWfaz/BJB+YIpzU/Cv3Xg=
golang.org/x/sys v0.24.0/go.mod h1:/VUhepiaJMQUp4+oa/7Zr1D23ma6VTLIYjOOTFZPUcA=
lukechampine.com/flagg v1.1.1 h1:jB5oL4D5zSUrzm5og6dDEi5pnrTF1poKfC7KE1lLsqc=
lukechampine.com/flagg v1.1.1/go.mod h1:a9ZuZu5LSPXELWSJrabRD00ort+lDXSOQu34xWgEoDI=
lukechampine.com/frand v1.4.2 h1:RzFIpOvkMXuPMBb9maa4ND4wjBn71E1Jpf8BzJHMaVw=
lukechampine.com/frand v1.4.2/go.mod h1:4S/TM2ZgrKejMcKMbeLjISpJMO+/eZ1zu3vYX9dtj3s=
